
Microsoft Visual Studio Solution File, Format Version 12.00
# Visual Studio Version 17
VisualStudioVersion = 17.3.32929.385
MinimumVisualStudioVersion = 10.0.40219.1
Project("{FAE04EC0-301F-11D3-BF4B-00C04F79EFBC}") = "ChainOfResponsibility", "ChainOfResponsibility\ChainOfResponsibility.csproj", "{60D2D2B7-99A1-4A97-B58C-ECF895BEA2D7}"
EndProject
Global
	GlobalSection(SolutionConfigurationPlatforms) = preSolution
		Debug|Any CPU = Debug|Any CPU
		Release|Any CPU = Release|Any CPU
	EndGlobalSection
	GlobalSection(ProjectConfigurationPlatforms) = postSolution
		{60D2D2B7-99A1-4A97-B58C-ECF895BEA2D7}.Debug|Any CPU.ActiveCfg = Debug|Any CPU
		{60D2D2B7-99A1-4A97-B58C-ECF895BEA2D7}.Debug|Any CPU.Build.0 = Debug|Any CPU
		{60D2D2B7-99A1-4A97-B58C-ECF895BEA2D7}.Release|Any CPU.ActiveCfg = Release|Any CPU
		{60D2D2B7-99A1-4A97-B58C-ECF895BEA2D7}.Release|Any CPU.Build.0 = Release|Any CPU
	EndGlobalSection
	GlobalSection(SolutionProperties) = preSolution
		HideSolutionNode = FALSE
	EndGlobalSection
	GlobalSection(ExtensibilityGlobals) = postSolution
		SolutionGuid = {5CE8EFC3-B936-4F39-B552-5B11A5284E3C}
	EndGlobalSection
EndGlobal
